
Microsoft Visual Studio Solution File, Format Version 12.00
# Visual Studio Version 17
VisualStudioVersion = 17.0.32014.148
MinimumVisualStudioVersion = 10.0.40219.1
Project("{FAE04EC0-301F-11D3-BF4B-00C04F79EFBC}") = "ClassLibrary2", "ClassLibrary2\ClassLibrary2.csproj", "{A3A51FCC-3351-4280-A4BF-B8F188647B9B}"
EndProject
Global
	GlobalSection(SolutionConfigurationPlatforms) = preSolution
		Debug|Any CPU = Debug|Any CPU
		Release|Any CPU = Release|Any CPU
	EndGlobalSection
	GlobalSection(ProjectConfigurationPlatforms) = postSolution
		{A3A51FCC-3351-4280-A4BF-B8F188647B9B}.Debug|Any CPU.ActiveCfg = Debug|Any CPU
		{A3A51FCC-3351-4280-A4BF-B8F188647B9B}.Debug|Any CPU.Build.0 = Debug|Any CPU
		{A3A51FCC-3351-4280-A4BF-B8F188647B9B}.Release|Any CPU.ActiveCfg = Release|Any CPU
		{A3A51FCC-3351-4280-A4BF-B8F188647B9B}.Release|Any CPU.Build.0 = Release|Any CPU
	EndGlobalSection
	GlobalSection(SolutionProperties) = preSolution
		HideSolutionNode = FALSE
	EndGlobalSection
	GlobalSection(ExtensibilityGlobals) = postSolution
		SolutionGuid = {3DEE9ED2-9F91-4364-B539-A1393E55D2A2}
	EndGlobalSection
EndGlobal
