
Microsoft Visual Studio Solution File, Format Version 12.00
# Visual Studio Version 17
VisualStudioVersion = 17.0.32014.148
MinimumVisualStudioVersion = 10.0.40219.1
Project("{FAE04EC0-301F-11D3-BF4B-00C04F79EFBC}") = "NirvanaApp", "NirvanaApp\NirvanaApp.csproj", "{FDFDE001-A16B-41E7-83AC-E22425B1B3CF}"
EndProject
Global
	GlobalSection(SolutionConfigurationPlatforms) = preSolution
		Debug|Any CPU = Debug|Any CPU
		Release|Any CPU = Release|Any CPU
	EndGlobalSection
	GlobalSection(ProjectConfigurationPlatforms) = postSolution
		{FDFDE001-A16B-41E7-83AC-E22425B1B3CF}.Debug|Any CPU.ActiveCfg = Debug|Any CPU
		{FDFDE001-A16B-41E7-83AC-E22425B1B3CF}.Debug|Any CPU.Build.0 = Debug|Any CPU
		{FDFDE001-A16B-41E7-83AC-E22425B1B3CF}.Release|Any CPU.ActiveCfg = Release|Any CPU
		{FDFDE001-A16B-41E7-83AC-E22425B1B3CF}.Release|Any CPU.Build.0 = Release|Any CPU
	EndGlobalSection
	GlobalSection(SolutionProperties) = preSolution
		HideSolutionNode = FALSE
	EndGlobalSection
	GlobalSection(ExtensibilityGlobals) = postSolution
		SolutionGuid = {751B9DF4-1153-443D-94FE-C08FD0B51FE3}
	EndGlobalSection
EndGlobal
