
Microsoft Visual Studio Solution File, Format Version 12.00
# Visual Studio Version 17
VisualStudioVersion = 17.0.32014.148
MinimumVisualStudioVersion = 10.0.40219.1
Project("{FAE04EC0-301F-11D3-BF4B-00C04F79EFBC}") = "Pattern", "Pattern\Pattern.csproj", "{2B405C59-91A6-465D-BB5E-33BF67AB810A}"
EndProject
Global
	GlobalSection(SolutionConfigurationPlatforms) = preSolution
		Debug|Any CPU = Debug|Any CPU
		Release|Any CPU = Release|Any CPU
	EndGlobalSection
	GlobalSection(ProjectConfigurationPlatforms) = postSolution
		{2B405C59-91A6-465D-BB5E-33BF67AB810A}.Debug|Any CPU.ActiveCfg = Debug|Any CPU
		{2B405C59-91A6-465D-BB5E-33BF67AB810A}.Debug|Any CPU.Build.0 = Debug|Any CPU
		{2B405C59-91A6-465D-BB5E-33BF67AB810A}.Release|Any CPU.ActiveCfg = Release|Any CPU
		{2B405C59-91A6-465D-BB5E-33BF67AB810A}.Release|Any CPU.Build.0 = Release|Any CPU
	EndGlobalSection
	GlobalSection(SolutionProperties) = preSolution
		HideSolutionNode = FALSE
	EndGlobalSection
	GlobalSection(ExtensibilityGlobals) = postSolution
		SolutionGuid = {6F5C0813-F78A-497B-82EC-25A8A753F107}
	EndGlobalSection
EndGlobal
